
Microsoft Visual Studio Solution File, Format Version 12.00
# Visual Studio 15
VisualStudioVersion = 15.0.27004.2005
MinimumVisualStudioVersion = 10.0.40219.1
Project("{FAE04EC0-301F-11D3-BF4B-00C04F79EFBC}") = "LDSMovieWebPages", "LDSMovieWebPages\LDSMovieWebPages.csproj", "{CC0E7976-6FCE-4DAF-A248-231C9CBF83FE}"
EndProject
Global
	GlobalSection(SolutionConfigurationPlatforms) = preSolution
		Debug|Any CPU = Debug|Any CPU
		Release|Any CPU = Release|Any CPU
	EndGlobalSection
	GlobalSection(ProjectConfigurationPlatforms) = postSolution
		{CC0E7976-6FCE-4DAF-A248-231C9CBF83FE}.Debug|Any CPU.ActiveCfg = Debug|Any CPU
		{CC0E7976-6FCE-4DAF-A248-231C9CBF83FE}.Debug|Any CPU.Build.0 = Debug|Any CPU
		{CC0E7976-6FCE-4DAF-A248-231C9CBF83FE}.Release|Any CPU.ActiveCfg = Release|Any CPU
		{CC0E7976-6FCE-4DAF-A248-231C9CBF83FE}.Release|Any CPU.Build.0 = Release|Any CPU
	EndGlobalSection
	GlobalSection(SolutionProperties) = preSolution
		HideSolutionNode = FALSE
	EndGlobalSection
	GlobalSection(ExtensibilityGlobals) = postSolution
		SolutionGuid = {92CB6C6C-F88C-4375-A1F2-2ECE7EFDEA40}
	EndGlobalSection
EndGlobal
